
Microsoft Visual Studio Solution File, Format Version 12.00
Project("{FAE04EC0-301F-11D3-BF4B-00C04F79EFBC}") = "Solution", "Solution\Solution.csproj", "{FB2E6E37-17CC-4027-AD94-D6B8D2EC287F}"
EndProject
Global
	GlobalSection(SolutionConfigurationPlatforms) = preSolution
		Debug|Any CPU = Debug|Any CPU
		Release|Any CPU = Release|Any CPU
	EndGlobalSection
	GlobalSection(ProjectConfigurationPlatforms) = postSolution
		{FB2E6E37-17CC-4027-AD94-D6B8D2EC287F}.Debug|Any CPU.ActiveCfg = Debug|Any CPU
		{FB2E6E37-17CC-4027-AD94-D6B8D2EC287F}.Debug|Any CPU.Build.0 = Debug|Any CPU
		{FB2E6E37-17CC-4027-AD94-D6B8D2EC287F}.Release|Any CPU.ActiveCfg = Release|Any CPU
		{FB2E6E37-17CC-4027-AD94-D6B8D2EC287F}.Release|Any CPU.Build.0 = Release|Any CPU
	EndGlobalSection
EndGlobal
